Microsoft Visual Studio Solution File, Format Version 12.00
# Visual Studio Version 17
VisualStudioVersion = 17.5.2.0
MinimumVisualStudioVersion = 10.0.40219.1
Project("{FAE04EC0-301F-11D3-BF4B-00C04F79EFBC}") = "csharp-6-methods-3", "csharp-6-methods-3.csproj", "{C4CD3C83-B873-8D03-643D-EC06A9E64FFF}"
EndProject
Global
	GlobalSection(SolutionConfigurationPlatforms) = preSolution
		Debug|Any CPU = Debug|Any CPU
		Release|Any CPU = Release|Any CPU
	EndGlobalSection
	GlobalSection(ProjectConfigurationPlatforms) = postSolution
		{C4CD3C83-B873-8D03-643D-EC06A9E64FFF}.Debug|Any CPU.ActiveCfg = Debug|Any CPU
		{C4CD3C83-B873-8D03-643D-EC06A9E64FFF}.Debug|Any CPU.Build.0 = Debug|Any CPU
		{C4CD3C83-B873-8D03-643D-EC06A9E64FFF}.Release|Any CPU.ActiveCfg = Release|Any CPU
		{C4CD3C83-B873-8D03-643D-EC06A9E64FFF}.Release|Any CPU.Build.0 = Release|Any CPU
	EndGlobalSection
	GlobalSection(SolutionProperties) = preSolution
		HideSolutionNode = FALSE
	EndGlobalSection
	GlobalSection(ExtensibilityGlobals) = postSolution
		SolutionGuid = {FAF8CA6F-242B-4FA7-8DFE-AB25CBE3C330}
	EndGlobalSection
EndGlobal
